// !$*UTF8*$!
{
	archiveVersion = 1;
	classes = {
	};
	objectVersion = 46;
	objects = {

/* Begin PBXBuildFile section */
		09392DA51CB4A67F00169E3F /* EUExQupai.h in CopyFiles */ = {isa = PBXBuildFile; fileRef = 09392DA41CB4A67F00169E3F /* EUExQupai.h */; };
		09392DA71CB4A67F00169E3F /* EUExQupai.m in Sources */ = {isa = PBXBuildFile; fileRef = 09392DA61CB4A67F00169E3F /* EUExQupai.m */; };
		093EA55B1CBE36EA00186364 /* ALBBQuPaiPlugin.framework in Frameworks */ = {isa = PBXBuildFile; fileRef = 093EA55A1CBE36EA00186364 /* ALBBQuPaiPlugin.framework */; };
/* End PBXBuildFile section */

/* Begin PBXCopyFilesBuildPhase section */
		09392D9F1CB4A67F00169E3F /* CopyFiles */ = {
			isa = PBXCopyFilesBuildPhase;
			buildActionMask = 2147483647;
			dstPath = "include/$(PRODUCT_NAME)";
			dstSubfolderSpec = 16;
			files = (
				09392DA51CB4A67F00169E3F /* EUExQupai.h in CopyFiles */,
			);
			runOnlyForDeploymentPostprocessing = 0;
		};
/* End PBXCopyFilesBuildPhase section */

/* Begin PBXFileReference section */
		09392DA11CB4A67F00169E3F /* libuexQupai.a */ = {isa = PBXFileReference; explicitFileType = archive.ar; includeInIndex = 0; path = libuexQupai.a; sourceTree = BUILT_PRODUCTS_DIR; };
		09392DA41CB4A67F00169E3F /* EUExQupai.h */ = {isa = PBXFileReference; lastKnownFileType = sourcecode.c.h; path = EUExQupai.h; sourceTree = "<group>"; };
		09392DA61CB4A67F00169E3F /* EUExQupai.m */ = {isa = PBXFileReference; lastKnownFileType = sourcecode.c.objc; path = EUExQupai.m; sourceTree = "<group>"; };
		093EA54B1CBE2BD000186364 /* EUExBase.h */ = {isa = PBXFileReference; fileEncoding = 4; lastKnownFileType = sourcecode.c.h; path = EUExBase.h; sourceTree = "<group>"; };
		093EA54C1CBE2BD000186364 /* EUExBaseDefine.h */ = {isa = PBXFileReference; fileEncoding = 4; lastKnownFileType = sourcecode.c.h; path = EUExBaseDefine.h; sourceTree = "<group>"; };
		093EA54D1CBE2BD000186364 /* EUtility.h */ = {isa = PBXFileReference; fileEncoding = 4; lastKnownFileType = sourcecode.c.h; path = EUtility.h; sourceTree = "<group>"; };
		093EA54E1CBE2BD000186364 /* WidgetOneDelegate.h */ = {isa = PBXFileReference; fileEncoding = 4; lastKnownFileType = sourcecode.c.h; path = WidgetOneDelegate.h; sourceTree = "<group>"; };
		093EA5511CBE2BD800186364 /* JSON.h */ = {isa = PBXFileReference; fileEncoding = 4; lastKnownFileType = sourcecode.c.h; path = JSON.h; sourceTree = "<group>"; };
		093EA5521CBE2BD800186364 /* JSONParser.h */ = {isa = PBXFileReference; fileEncoding = 4; lastKnownFileType = sourcecode.c.h; path = JSONParser.h; sourceTree = "<group>"; };
		093EA5531CBE2BD800186364 /* MD5Digest.h */ = {isa = PBXFileReference; fileEncoding = 4; lastKnownFileType = sourcecode.c.h; path = MD5Digest.h; sourceTree = "<group>"; };
		093EA5541CBE2BD800186364 /* NSObject+SBJSON.h */ = {isa = PBXFileReference; fileEncoding = 4; lastKnownFileType = sourcecode.c.h; path = "NSObject+SBJSON.h"; sourceTree = "<group>"; };
		093EA5551CBE2BD800186364 /* NSString+SBJSON.h */ = {isa = PBXFileReference; fileEncoding = 4; lastKnownFileType = sourcecode.c.h; path = "NSString+SBJSON.h"; sourceTree = "<group>"; };
		093EA5561CBE2BD800186364 /* SBJSON.h */ = {isa = PBXFileReference; fileEncoding = 4; lastKnownFileType = sourcecode.c.h; path = SBJSON.h; sourceTree = "<group>"; };
		093EA5571CBE2BD800186364 /* SBJsonBase.h */ = {isa = PBXFileReference; fileEncoding = 4; lastKnownFileType = sourcecode.c.h; path = SBJsonBase.h; sourceTree = "<group>"; };
		093EA5581CBE2BD800186364 /* SBJsonParser.h */ = {isa = PBXFileReference; fileEncoding = 4; lastKnownFileType = sourcecode.c.h; path = SBJsonParser.h; sourceTree = "<group>"; };
		093EA5591CBE2BD800186364 /* SBJsonWriter.h */ = {isa = PBXFileReference; fileEncoding = 4; lastKnownFileType = sourcecode.c.h; path = SBJsonWriter.h; sourceTree = "<group>"; };
		093EA55A1CBE36EA00186364 /* ALBBQuPaiPlugin.framework */ = {isa = PBXFileReference; lastKnownFileType = wrapper.framework; path = ALBBQuPaiPlugin.framework; sourceTree = "<group>"; };
/* End PBXFileReference section */

/* Begin PBXFrameworksBuildPhase section */
		09392D9E1CB4A67F00169E3F /* Frameworks */ = {
			isa = PBXFrameworksBuildPhase;
			buildActionMask = 2147483647;
			files = (
				093EA55B1CBE36EA00186364 /* ALBBQuPaiPlugin.framework in Frameworks */,
			);
			runOnlyForDeploymentPostprocessing = 0;
		};
/* End PBXFrameworksBuildPhase section */

/* Begin PBXGroup section */
		09392D981CB4A67F00169E3F = {
			isa = PBXGroup;
			children = (
				09392DA31CB4A67F00169E3F /* EUExQupai */,
				09392DA21CB4A67F00169E3F /* Products */,
			);
			sourceTree = "<group>";
		};
		09392DA21CB4A67F00169E3F /* Products */ = {
			isa = PBXGroup;
			children = (
				09392DA11CB4A67F00169E3F /* libuexQupai.a */,
			);
			name = Products;
			sourceTree = "<group>";
		};
		09392DA31CB4A67F00169E3F /* EUExQupai */ = {
			isa = PBXGroup;
			children = (
				093EA54F1CBE2BD800186364 /* sourceCode */,
				093EA54A1CBE2BD000186364 /* engineHeader */,
				09392DA41CB4A67F00169E3F /* EUExQupai.h */,
				09392DA61CB4A67F00169E3F /* EUExQupai.m */,
			);
			path = EUExQupai;
			sourceTree = "<group>";
		};
		093EA54A1CBE2BD000186364 /* engineHeader */ = {
			isa = PBXGroup;
			children = (
				093EA54B1CBE2BD000186364 /* EUExBase.h */,
				093EA54C1CBE2BD000186364 /* EUExBaseDefine.h */,
				093EA54D1CBE2BD000186364 /* EUtility.h */,
				093EA54E1CBE2BD000186364 /* WidgetOneDelegate.h */,
			);
			path = engineHeader;
			sourceTree = "<group>";
		};
		093EA54F1CBE2BD800186364 /* sourceCode */ = {
			isa = PBXGroup;
			children = (
				093EA55A1CBE36EA00186364 /* ALBBQuPaiPlugin.framework */,
				093EA5501CBE2BD800186364 /* JSON */,
			);
			path = sourceCode;
			sourceTree = "<group>";
		};
		093EA5501CBE2BD800186364 /* JSON */ = {
			isa = PBXGroup;
			children = (
				093EA5511CBE2BD800186364 /* JSON.h */,
				093EA5521CBE2BD800186364 /* JSONParser.h */,
				093EA5531CBE2BD800186364 /* MD5Digest.h */,
				093EA5541CBE2BD800186364 /* NSObject+SBJSON.h */,
				093EA5551CBE2BD800186364 /* NSString+SBJSON.h */,
				093EA5561CBE2BD800186364 /* SBJSON.h */,
				093EA5571CBE2BD800186364 /* SBJsonBase.h */,
				093EA5581CBE2BD800186364 /* SBJsonParser.h */,
				093EA5591CBE2BD800186364 /* SBJsonWriter.h */,
			);
			path = JSON;
			sourceTree = "<group>";
		};
/* End PBXGroup section */

/* Begin PBXNativeTarget section */
		09392DA01CB4A67F00169E3F /* EUExQupai */ = {
			isa = PBXNativeTarget;
			buildConfigurationList = 09392DAA1CB4A67F00169E3F /* Build configuration list for PBXNativeTarget "EUExQupai" */;
			buildPhases = (
				09392D9D1CB4A67F00169E3F /* Sources */,
				09392D9E1CB4A67F00169E3F /* Frameworks */,
				09392D9F1CB4A67F00169E3F /* CopyFiles */,
			);
			buildRules = (
			);
			dependencies = (
			);
			name = EUExQupai;
			productName = EUExQupai;
			productReference = 09392DA11CB4A67F00169E3F /* libuexQupai.a */;
			productType = "com.apple.product-type.library.static";
		};
/* End PBXNativeTarget section */

/* Begin PBXProject section */
		09392D991CB4A67F00169E3F /* Project object */ = {
			isa = PBXProject;
			attributes = {
				LastUpgradeCheck = 0720;
				ORGANIZATIONNAME = "杨广";
				TargetAttributes = {
					09392DA01CB4A67F00169E3F = {
						CreatedOnToolsVersion = 7.2;
						DevelopmentTeam = 66G34575QZ;
					};
				};
			};
			buildConfigurationList = 09392D9C1CB4A67F00169E3F /* Build configuration list for PBXProject "EUExQupai" */;
			compatibilityVersion = "Xcode 3.2";
			developmentRegion = English;
			hasScannedForEncodings = 0;
			knownRegions = (
				en,
			);
			mainGroup = 09392D981CB4A67F00169E3F;
			productRefGroup = 09392DA21CB4A67F00169E3F /* Products */;
			projectDirPath = "";
			projectRoot = "";
			targets = (
				09392DA01CB4A67F00169E3F /* EUExQupai */,
			);
		};
/* End PBXProject section */

/* Begin PBXSourcesBuildPhase section */
		09392D9D1CB4A67F00169E3F /* Sources */ = {
			isa = PBXSourcesBuildPhase;
			buildActionMask = 2147483647;
			files = (
				09392DA71CB4A67F00169E3F /* EUExQupai.m in Sources */,
			);
			runOnlyForDeploymentPostprocessing = 0;
		};
/* End PBXSourcesBuildPhase section */

/* Begin XCBuildConfiguration section */
		09392DA81CB4A67F00169E3F /* Debug */ = {
			isa = XCBuildConfiguration;
			buildSettings = {
				ALWAYS_SEARCH_USER_PATHS = NO;
				CLANG_CXX_LANGUAGE_STANDARD = "gnu++0x";
				CLANG_CXX_LIBRARY = "libc++";
				CLANG_ENABLE_MODULES = YES;
				CLANG_ENABLE_OBJC_ARC = YES;
				CLANG_WARN_BOOL_CONVERSION = YES;
				CLANG_WARN_CONSTANT_CONVERSION = YES;
				CLANG_WARN_DIRECT_OBJC_ISA_USAGE = YES_ERROR;
				CLANG_WARN_EMPTY_BODY = YES;
				CLANG_WARN_ENUM_CONVERSION = YES;
				CLANG_WARN_INT_CONVERSION = YES;
				CLANG_WARN_OBJC_ROOT_CLASS = YES_ERROR;
				CLANG_WARN_UNREACHABLE_CODE = YES;
				CLANG_WARN__DUPLICATE_METHOD_MATCH = YES;
				"CODE_SIGN_IDENTITY[sdk=iphoneos*]" = "iPhone Developer";
				CONFIGURATION_BUILD_DIR = $SRCROOT/uexQupai;
				COPY_PHASE_STRIP = NO;
				DEBUG_INFORMATION_FORMAT = dwarf;
				ENABLE_STRICT_OBJC_MSGSEND = YES;
				ENABLE_TESTABILITY = YES;
				GCC_C_LANGUAGE_STANDARD = gnu99;
				GCC_DYNAMIC_NO_PIC = NO;
				GCC_NO_COMMON_BLOCKS = YES;
				GCC_OPTIMIZATION_LEVEL = 0;
				GCC_PREPROCESSOR_DEFINITIONS = (
					"DEBUG=1",
					"$(inherited)",
				);
				GCC_WARN_64_TO_32_BIT_CONVERSION = YES;
				GCC_WARN_ABOUT_RETURN_TYPE = YES_ERROR;
				GCC_WARN_UNDECLARED_SELECTOR = YES;
				GCC_WARN_UNINITIALIZED_AUTOS = YES_AGGRESSIVE;
				GCC_WARN_UNUSED_FUNCTION = YES;
				GCC_WARN_UNUSED_VARIABLE = YES;
				IPHONEOS_DEPLOYMENT_TARGET = 9.2;
				MTL_ENABLE_DEBUG_INFO = YES;
				ONLY_ACTIVE_ARCH = YES;
				SDKROOT = iphoneos;
			};
			name = Debug;
		};
		09392DA91CB4A67F00169E3F /* Release */ = {
			isa = XCBuildConfiguration;
			buildSettings = {
				ALWAYS_SEARCH_USER_PATHS = NO;
				CLANG_CXX_LANGUAGE_STANDARD = "gnu++0x";
				CLANG_CXX_LIBRARY = "libc++";
				CLANG_ENABLE_MODULES = YES;
				CLANG_ENABLE_OBJC_ARC = YES;
				CLANG_WARN_BOOL_CONVERSION = YES;
				CLANG_WARN_CONSTANT_CONVERSION = YES;
				CLANG_WARN_DIRECT_OBJC_ISA_USAGE = YES_ERROR;
				CLANG_WARN_EMPTY_BODY = YES;
				CLANG_WARN_ENUM_CONVERSION = YES;
				CLANG_WARN_INT_CONVERSION = YES;
				CLANG_WARN_OBJC_ROOT_CLASS = YES_ERROR;
				CLANG_WARN_UNREACHABLE_CODE = YES;
				CLANG_WARN__DUPLICATE_METHOD_MATCH = YES;
				"CODE_SIGN_IDENTITY[sdk=iphoneos*]" = "iPhone Developer";
				CONFIGURATION_BUILD_DIR = $SRCROOT/uexQupai;
				COPY_PHASE_STRIP = NO;
				DEBUG_INFORMATION_FORMAT = "dwarf-with-dsym";
				ENABLE_NS_ASSERTIONS = NO;
				ENABLE_STRICT_OBJC_MSGSEND = YES;
				GCC_C_LANGUAGE_STANDARD = gnu99;
				GCC_NO_COMMON_BLOCKS = YES;
				GCC_WARN_64_TO_32_BIT_CONVERSION = YES;
				GCC_WARN_ABOUT_RETURN_TYPE = YES_ERROR;
				GCC_WARN_UNDECLARED_SELECTOR = YES;
				GCC_WARN_UNINITIALIZED_AUTOS = YES_AGGRESSIVE;
				GCC_WARN_UNUSED_FUNCTION = YES;
				GCC_WARN_UNUSED_VARIABLE = YES;
				IPHONEOS_DEPLOYMENT_TARGET = 9.2;
				MTL_ENABLE_DEBUG_INFO = NO;
				SDKROOT = iphoneos;
				VALIDATE_PRODUCT = YES;
			};
			name = Release;
		};
		09392DAB1CB4A67F00169E3F /* Debug */ = {
			isa = XCBuildConfiguration;
			buildSettings = {
				FRAMEWORK_SEARCH_PATHS = (
					"$(inherited)",
					"$(PROJECT_DIR)/OneSDK-2",
					"$(PROJECT_DIR)/OneSDK",
					"$(PROJECT_DIR)",
					"$(PROJECT_DIR)/EUExQupai/sourceCode",
				);
				OTHER_LDFLAGS = "-ObjC";
				PRODUCT_NAME = uexQupai;
				SKIP_INSTALL = YES;
			};
			name = Debug;
		};
		09392DAC1CB4A67F00169E3F /* Release */ = {
			isa = XCBuildConfiguration;
			buildSettings = {
				FRAMEWORK_SEARCH_PATHS = (
					"$(inherited)",
					"$(PROJECT_DIR)/OneSDK-2",
					"$(PROJECT_DIR)/OneSDK",
					"$(PROJECT_DIR)",
					"$(PROJECT_DIR)/EUExQupai/sourceCode",
				);
				OTHER_LDFLAGS = "-ObjC";
				PRODUCT_NAME = uexQupai;
				SKIP_INSTALL = YES;
			};
			name = Release;
		};
/* End XCBuildConfiguration section */

/* Begin XCConfigurationList section */
		09392D9C1CB4A67F00169E3F /* Build configuration list for PBXProject "EUExQupai" */ = {
			isa = XCConfigurationList;
			buildConfigurations = (
				09392DA81CB4A67F00169E3F /* Debug */,
				09392DA91CB4A67F00169E3F /* Release */,
			);
			defaultConfigurationIsVisible = 0;
			defaultConfigurationName = Release;
		};
		09392DAA1CB4A67F00169E3F /* Build configuration list for PBXNativeTarget "EUExQupai" */ = {
			isa = XCConfigurationList;
			buildConfigurations = (
				09392DAB1CB4A67F00169E3F /* Debug */,
				09392DAC1CB4A67F00169E3F /* Release */,
			);
			defaultConfigurationIsVisible = 0;
			defaultConfigurationName = Release;
		};
/* End XCConfigurationList section */
	};
	rootObject = 09392D991CB4A67F00169E3F /* Project object */;
}
